
Microsoft Visual Studio Solution File, Format Version 12.00
# Visual Studio Version 17
VisualStudioVersion = 17.3.32819.101
MinimumVisualStudioVersion = 10.0.40219.1
Project("{FAE04EC0-301F-11D3-BF4B-00C04F79EFBC}") = "Ejercicio_09", "Ejercicio_09\Ejercicio_09.csproj", "{BE5B67DD-3162-489F-BFB6-E2DCC7637277}"
EndProject
Global
	GlobalSection(SolutionConfigurationPlatforms) = preSolution
		Debug|Any CPU = Debug|Any CPU
		Release|Any CPU = Release|Any CPU
	EndGlobalSection
	GlobalSection(ProjectConfigurationPlatforms) = postSolution
		{BE5B67DD-3162-489F-BFB6-E2DCC7637277}.Debug|Any CPU.ActiveCfg = Debug|Any CPU
		{BE5B67DD-3162-489F-BFB6-E2DCC7637277}.Debug|Any CPU.Build.0 = Debug|Any CPU
		{BE5B67DD-3162-489F-BFB6-E2DCC7637277}.Release|Any CPU.ActiveCfg = Release|Any CPU
		{BE5B67DD-3162-489F-BFB6-E2DCC7637277}.Release|Any CPU.Build.0 = Release|Any CPU
	EndGlobalSection
	GlobalSection(SolutionProperties) = preSolution
		HideSolutionNode = FALSE
	EndGlobalSection
	GlobalSection(ExtensibilityGlobals) = postSolution
		SolutionGuid = {E6B3D212-9CB6-461F-9C1C-A567067C8C38}
	EndGlobalSection
EndGlobal
