
Microsoft Visual Studio Solution File, Format Version 12.00
# Visual Studio Version 17
VisualStudioVersion = 17.3.32819.101
MinimumVisualStudioVersion = 10.0.40219.1
Project("{FAE04EC0-301F-11D3-BF4B-00C04F79EFBC}") = "Ejercicio_05", "Ejercicio_05\Ejercicio_05.csproj", "{9182C988-BFE8-4187-87C3-A861D8329120}"
EndProject
Global
	GlobalSection(SolutionConfigurationPlatforms) = preSolution
		Debug|Any CPU = Debug|Any CPU
		Release|Any CPU = Release|Any CPU
	EndGlobalSection
	GlobalSection(ProjectConfigurationPlatforms) = postSolution
		{9182C988-BFE8-4187-87C3-A861D8329120}.Debug|Any CPU.ActiveCfg = Debug|Any CPU
		{9182C988-BFE8-4187-87C3-A861D8329120}.Debug|Any CPU.Build.0 = Debug|Any CPU
		{9182C988-BFE8-4187-87C3-A861D8329120}.Release|Any CPU.ActiveCfg = Release|Any CPU
		{9182C988-BFE8-4187-87C3-A861D8329120}.Release|Any CPU.Build.0 = Release|Any CPU
	EndGlobalSection
	GlobalSection(SolutionProperties) = preSolution
		HideSolutionNode = FALSE
	EndGlobalSection
	GlobalSection(ExtensibilityGlobals) = postSolution
		SolutionGuid = {5A45EF72-A53B-4956-98F5-6BCEDFBC5D17}
	EndGlobalSection
EndGlobal
