
Microsoft Visual Studio Solution File, Format Version 12.00
# Visual Studio Version 17
VisualStudioVersion = 17.3.32901.215
MinimumVisualStudioVersion = 10.0.40219.1
Project("{FAE04EC0-301F-11D3-BF4B-00C04F79EFBC}") = "Ejercicio_02", "Ejercicio_02\Ejercicio_02.csproj", "{A65C94A5-EEE0-4D68-BD93-13DAA0281057}"
EndProject
Project("{FAE04EC0-301F-11D3-BF4B-00C04F79EFBC}") = "Clases", "Clases\Clases.csproj", "{B088B761-925F-447F-ABE5-552DC5369E29}"
EndProject
Global
	GlobalSection(SolutionConfigurationPlatforms) = preSolution
		Debug|Any CPU = Debug|Any CPU
		Release|Any CPU = Release|Any CPU
	EndGlobalSection
	GlobalSection(ProjectConfigurationPlatforms) = postSolution
		{A65C94A5-EEE0-4D68-BD93-13DAA0281057}.Debug|Any CPU.ActiveCfg = Debug|Any CPU
		{A65C94A5-EEE0-4D68-BD93-13DAA0281057}.Debug|Any CPU.Build.0 = Debug|Any CPU
		{A65C94A5-EEE0-4D68-BD93-13DAA0281057}.Release|Any CPU.ActiveCfg = Release|Any CPU
		{A65C94A5-EEE0-4D68-BD93-13DAA0281057}.Release|Any CPU.Build.0 = Release|Any CPU
		{B088B761-925F-447F-ABE5-552DC5369E29}.Debug|Any CPU.ActiveCfg = Debug|Any CPU
		{B088B761-925F-447F-ABE5-552DC5369E29}.Debug|Any CPU.Build.0 = Debug|Any CPU
		{B088B761-925F-447F-ABE5-552DC5369E29}.Release|Any CPU.ActiveCfg = Release|Any CPU
		{B088B761-925F-447F-ABE5-552DC5369E29}.Release|Any CPU.Build.0 = Release|Any CPU
	EndGlobalSection
	GlobalSection(SolutionProperties) = preSolution
		HideSolutionNode = FALSE
	EndGlobalSection
	GlobalSection(ExtensibilityGlobals) = postSolution
		SolutionGuid = {249123C8-2198-4633-8F78-A4188AA73FDB}
	EndGlobalSection
EndGlobal
