
Microsoft Visual Studio Solution File, Format Version 12.00
# Visual Studio Version 17
VisualStudioVersion = 17.3.32819.101
MinimumVisualStudioVersion = 10.0.40219.1
Project("{FAE04EC0-301F-11D3-BF4B-00C04F79EFBC}") = "Ejercicio_03", "Ejercicio_03\Ejercicio_03.csproj", "{7539C9AD-3267-4A24-A032-960488C2D509}"
EndProject
Global
	GlobalSection(SolutionConfigurationPlatforms) = preSolution
		Debug|Any CPU = Debug|Any CPU
		Release|Any CPU = Release|Any CPU
	EndGlobalSection
	GlobalSection(ProjectConfigurationPlatforms) = postSolution
		{7539C9AD-3267-4A24-A032-960488C2D509}.Debug|Any CPU.ActiveCfg = Debug|Any CPU
		{7539C9AD-3267-4A24-A032-960488C2D509}.Debug|Any CPU.Build.0 = Debug|Any CPU
		{7539C9AD-3267-4A24-A032-960488C2D509}.Release|Any CPU.ActiveCfg = Release|Any CPU
		{7539C9AD-3267-4A24-A032-960488C2D509}.Release|Any CPU.Build.0 = Release|Any CPU
	EndGlobalSection
	GlobalSection(SolutionProperties) = preSolution
		HideSolutionNode = FALSE
	EndGlobalSection
	GlobalSection(ExtensibilityGlobals) = postSolution
		SolutionGuid = {3AC4EA45-610B-41D5-85A3-56B32A618407}
	EndGlobalSection
EndGlobal
