
Microsoft Visual Studio Solution File, Format Version 12.00
# Visual Studio Version 17
VisualStudioVersion = 17.3.32819.101
MinimumVisualStudioVersion = 10.0.40219.1
Project("{FAE04EC0-301F-11D3-BF4B-00C04F79EFBC}") = "Ejercicio_04", "Ejercicio_04\Ejercicio_04.csproj", "{149F3B9E-100D-4558-8504-6A8B2808D66B}"
EndProject
Global
	GlobalSection(SolutionConfigurationPlatforms) = preSolution
		Debug|Any CPU = Debug|Any CPU
		Release|Any CPU = Release|Any CPU
	EndGlobalSection
	GlobalSection(ProjectConfigurationPlatforms) = postSolution
		{149F3B9E-100D-4558-8504-6A8B2808D66B}.Debug|Any CPU.ActiveCfg = Debug|Any CPU
		{149F3B9E-100D-4558-8504-6A8B2808D66B}.Debug|Any CPU.Build.0 = Debug|Any CPU
		{149F3B9E-100D-4558-8504-6A8B2808D66B}.Release|Any CPU.ActiveCfg = Release|Any CPU
		{149F3B9E-100D-4558-8504-6A8B2808D66B}.Release|Any CPU.Build.0 = Release|Any CPU
	EndGlobalSection
	GlobalSection(SolutionProperties) = preSolution
		HideSolutionNode = FALSE
	EndGlobalSection
	GlobalSection(ExtensibilityGlobals) = postSolution
		SolutionGuid = {A71678F0-D9B1-4134-AA74-C742D6FA9ABE}
	EndGlobalSection
EndGlobal
