
Microsoft Visual Studio Solution File, Format Version 12.00
# Visual Studio Version 17
VisualStudioVersion = 17.3.32819.101
MinimumVisualStudioVersion = 10.0.40219.1
Project("{FAE04EC0-301F-11D3-BF4B-00C04F79EFBC}") = "Ejercicio_05", "Ejercicio_05\Ejercicio_05.csproj", "{1C89422A-25CD-4C37-85B4-82132B48A02E}"
EndProject
Global
	GlobalSection(SolutionConfigurationPlatforms) = preSolution
		Debug|Any CPU = Debug|Any CPU
		Release|Any CPU = Release|Any CPU
	EndGlobalSection
	GlobalSection(ProjectConfigurationPlatforms) = postSolution
		{1C89422A-25CD-4C37-85B4-82132B48A02E}.Debug|Any CPU.ActiveCfg = Debug|Any CPU
		{1C89422A-25CD-4C37-85B4-82132B48A02E}.Debug|Any CPU.Build.0 = Debug|Any CPU
		{1C89422A-25CD-4C37-85B4-82132B48A02E}.Release|Any CPU.ActiveCfg = Release|Any CPU
		{1C89422A-25CD-4C37-85B4-82132B48A02E}.Release|Any CPU.Build.0 = Release|Any CPU
	EndGlobalSection
	GlobalSection(SolutionProperties) = preSolution
		HideSolutionNode = FALSE
	EndGlobalSection
	GlobalSection(ExtensibilityGlobals) = postSolution
		SolutionGuid = {F2B92A0F-D38E-4C23-B255-953E85E5FF25}
	EndGlobalSection
EndGlobal
